{
    "name": "lit-1-tutorial",
    "lockfileVersion": 3,
    "requires": true,
    "packages": {
        "": {
            "dependencies": {
                "@lit-labs/ssr": "^3.2.2",
                "lit": "^3.2.0"
            },
            "devDependencies": {
                "@rollup/plugin-node-resolve": "^15.2.3",
                "@types/node": "^22.5.5",
                "rollup": "^4.22.2"
            }
        },
        "node_modules/@lit-labs/ssr": {
            "version": "3.2.2",
            "resolved": "https://registry.npmjs.org/@lit-labs/ssr/-/ssr-3.2.2.tgz",
            "integrity": "sha512-He5TzeNPM9ECmVpgXRYmVlz0UA5YnzHlT43kyLi2Lu6mUidskqJVonk9W5K699+2DKhoXp8Ra4EJmHR6KrcW1Q==",
            "dependencies": {
                "@lit-labs/ssr-client": "^1.1.7",
                "@lit-labs/ssr-dom-shim": "^1.2.0",
                "@lit/reactive-element": "^2.0.4",
                "@parse5/tools": "^0.3.0",
                "@types/node": "^16.0.0",
                "enhanced-resolve": "^5.10.0",
                "lit": "^3.1.2",
                "lit-element": "^4.0.4",
                "lit-html": "^3.1.2",
                "node-fetch": "^3.2.8",
                "parse5": "^7.1.1"
            },
            "engines": {
                "node": ">=13.9.0"
            }
        },
        "node_modules/@lit-labs/ssr-client": {
            "version": "1.1.7",
            "resolved": "https://registry.npmjs.org/@lit-labs/ssr-client/-/ssr-client-1.1.7.tgz",
            "integrity": "sha512-VvqhY/iif3FHrlhkzEPsuX/7h/NqnfxLwVf0p8ghNIlKegRyRqgeaJevZ57s/u/LiFyKgqksRP5n+LmNvpxN+A==",
            "dependencies": {
                "@lit/reactive-element": "^2.0.4",
                "lit": "^3.1.2",
                "lit-html": "^3.1.2"
            }
        },
        "node_modules/@lit-labs/ssr-dom-shim": {
            "version": "1.2.1",
            "resolved": "https://registry.npmjs.org/@lit-labs/ssr-dom-shim/-/ssr-dom-shim-1.2.1.tgz",
            "integrity": "sha512-wx4aBmgeGvFmOKucFKY+8VFJSYZxs9poN3SDNQFF6lT6NrQUnHiPB2PWz2sc4ieEcAaYYzN+1uWahEeTq2aRIQ=="
        },
        "node_modules/@lit-labs/ssr/node_modules/@types/node": {
            "version": "16.18.108",
            "resolved": "https://registry.npmjs.org/@types/node/-/node-16.18.108.tgz",
            "integrity": "sha512-fj42LD82fSv6yN9C6Q4dzS+hujHj+pTv0IpRR3kI20fnYeS0ytBpjFO9OjmDowSPPt4lNKN46JLaKbCyP+BW2A=="
        },
        "node_modules/@lit/reactive-element": {
            "version": "2.0.4",
            "resolved": "https://registry.npmjs.org/@lit/reactive-element/-/reactive-element-2.0.4.tgz",
            "integrity": "sha512-GFn91inaUa2oHLak8awSIigYz0cU0Payr1rcFsrkf5OJ5eSPxElyZfKh0f2p9FsTiZWXQdWGJeXZICEfXXYSXQ==",
            "dependencies": {
                "@lit-labs/ssr-dom-shim": "^1.2.0"
            }
        },
        "node_modules/@parse5/tools": {
            "version": "0.3.0",
            "resolved": "https://registry.npmjs.org/@parse5/tools/-/tools-0.3.0.tgz",
            "integrity": "sha512-zxRyTHkqb7WQMV8kTNBKWb1BeOFUKXBXTBWuxg9H9hfvQB3IwP6Iw2U75Ia5eyRxPNltmY7E8YAlz6zWwUnjKg==",
            "dependencies": {
                "parse5": "^7.0.0"
            }
        },
        "node_modules/@rollup/plugin-node-resolve": {
            "version": "15.2.3",
            "resolved": "https://registry.npmjs.org/@rollup/plugin-node-resolve/-/plugin-node-resolve-15.2.3.tgz",
            "integrity": "sha512-j/lym8nf5E21LwBT4Df1VD6hRO2L2iwUeUmP7litikRsVp1H6NWx20NEp0Y7su+7XGc476GnXXc4kFeZNGmaSQ==",
            "dev": true,
            "dependencies": {
                "@rollup/pluginutils": "^5.0.1",
                "@types/resolve": "1.20.2",
                "deepmerge": "^4.2.2",
                "is-builtin-module": "^3.2.1",
                "is-module": "^1.0.0",
                "resolve": "^1.22.1"
            },
            "engines": {
                "node": ">=14.0.0"
            },
            "peerDependencies": {
                "rollup": "^2.78.0||^3.0.0||^4.0.0"
            },
            "peerDependenciesMeta": {
                "rollup": {
                    "optional": true
                }
            }
        },
        "node_modules/@rollup/pluginutils": {
            "version": "5.1.0",
            "resolved": "https://registry.npmjs.org/@rollup/pluginutils/-/pluginutils-5.1.0.tgz",
            "integrity": "sha512-XTIWOPPcpvyKI6L1NHo0lFlCyznUEyPmPY1mc3KpPVDYulHSTvyeLNVW00QTLIAFNhR3kYnJTQHeGqU4M3n09g==",
            "dev": true,
            "dependencies": {
                "@types/estree": "^1.0.0",
                "estree-walker": "^2.0.2",
                "picomatch": "^2.3.1"
            },
            "engines": {
                "node": ">=14.0.0"
            },
            "peerDependencies": {
                "rollup": "^1.20.0||^2.0.0||^3.0.0||^4.0.0"
            },
            "peerDependenciesMeta": {
                "rollup": {
                    "optional": true
                }
            }
        },
        "node_modules/@rollup/rollup-android-arm-eabi": {
            "version": "4.22.2",
            "resolved": "https://registry.npmjs.org/@rollup/rollup-android-arm-eabi/-/rollup-android-arm-eabi-4.22.2.tgz",
            "integrity": "sha512-8Ao+EDmTPjZ1ZBABc1ohN7Ylx7UIYcjReZinigedTOnGFhIctyGPxY2II+hJ6gD2/vkDKZTyQ0e7++kwv6wDrw==",
            "cpu": [
                "arm"
            ],
            "dev": true,
            "optional": true,
            "os": [
                "android"
            ]
        },
        "node_modules/@rollup/rollup-android-arm64": {
            "version": "4.22.2",
            "resolved": "https://registry.npmjs.org/@rollup/rollup-android-arm64/-/rollup-android-arm64-4.22.2.tgz",
            "integrity": "sha512-I+B1v0a4iqdS9DvYt1RJZ3W+Oh9EVWjbY6gp79aAYipIbxSLEoQtFQlZEnUuwhDXCqMxJ3hluxKAdPD+GiluFQ==",
            "cpu": [
                "arm64"
            ],
            "dev": true,
            "optional": true,
            "os": [
                "android"
            ]
        },
        "node_modules/@rollup/rollup-darwin-arm64": {
            "version": "4.22.2",
            "resolved": "https://registry.npmjs.org/@rollup/rollup-darwin-arm64/-/rollup-darwin-arm64-4.22.2.tgz",
            "integrity": "sha512-BTHO7rR+LC67OP7I8N8GvdvnQqzFujJYWo7qCQ8fGdQcb8Gn6EQY+K1P+daQLnDCuWKbZ+gHAQZuKiQkXkqIYg==",
            "cpu": [
                "arm64"
            ],
            "dev": true,
            "optional": true,
            "os": [
                "darwin"
            ]
        },
        "node_modules/@rollup/rollup-darwin-x64": {
            "version": "4.22.2",
            "resolved": "https://registry.npmjs.org/@rollup/rollup-darwin-x64/-/rollup-darwin-x64-4.22.2.tgz",
            "integrity": "sha512-1esGwDNFe2lov4I6GsEeYaAMHwkqk0IbuGH7gXGdBmd/EP9QddJJvTtTF/jv+7R8ZTYPqwcdLpMTxK8ytP6k6Q==",
            "cpu": [
                "x64"
            ],
            "dev": true,
            "optional": true,
            "os": [
                "darwin"
            ]
        },
        "node_modules/@rollup/rollup-linux-arm-gnueabihf": {
            "version": "4.22.2",
            "resolved": "https://registry.npmjs.org/@rollup/rollup-linux-arm-gnueabihf/-/rollup-linux-arm-gnueabihf-4.22.2.tgz",
            "integrity": "sha512-GBHuY07x96OTEM3OQLNaUSUwrOhdMea/LDmlFHi/HMonrgF6jcFrrFFwJhhe84XtA1oK/Qh4yFS+VMREf6dobg==",
            "cpu": [
                "arm"
            ],
            "dev": true,
            "optional": true,
            "os": [
                "linux"
            ]
        },
        "node_modules/@rollup/rollup-linux-arm-musleabihf": {
            "version": "4.22.2",
            "resolved": "https://registry.npmjs.org/@rollup/rollup-linux-arm-musleabihf/-/rollup-linux-arm-musleabihf-4.22.2.tgz",
            "integrity": "sha512-Dbfa9Sc1G1lWxop0gNguXOfGhaXQWAGhZUcqA0Vs6CnJq8JW/YOw/KvyGtQFmz4yDr0H4v9X248SM7bizYj4yQ==",
            "cpu": [
                "arm"
            ],
            "dev": true,
            "optional": true,
            "os": [
                "linux"
            ]
        },
        "node_modules/@rollup/rollup-linux-arm64-gnu": {
            "version": "4.22.2",
            "resolved": "https://registry.npmjs.org/@rollup/rollup-linux-arm64-gnu/-/rollup-linux-arm64-gnu-4.22.2.tgz",
            "integrity": "sha512-Z1YpgBvFYhZIyBW5BoopwSg+t7yqEhs5HCei4JbsaXnhz/eZehT18DaXl957aaE9QK7TRGFryCAtStZywcQe1A==",
            "cpu": [
                "arm64"
            ],
            "dev": true,
            "optional": true,
            "os": [
                "linux"
            ]
        },
        "node_modules/@rollup/rollup-linux-arm64-musl": {
            "version": "4.22.2",
            "resolved": "https://registry.npmjs.org/@rollup/rollup-linux-arm64-musl/-/rollup-linux-arm64-musl-4.22.2.tgz",
            "integrity": "sha512-66Zszr7i/JaQ0u/lefcfaAw16wh3oT72vSqubIMQqWzOg85bGCPhoeykG/cC5uvMzH80DQa2L539IqKht6twVA==",
            "cpu": [
                "arm64"
            ],
            "dev": true,
            "optional": true,
            "os": [
                "linux"
            ]
        },
        "node_modules/@rollup/rollup-linux-powerpc64le-gnu": {
            "version": "4.22.2",
            "resolved": "https://registry.npmjs.org/@rollup/rollup-linux-powerpc64le-gnu/-/rollup-linux-powerpc64le-gnu-4.22.2.tgz",
            "integrity": "sha512-HpJCMnlMTfEhwo19bajvdraQMcAq3FX08QDx3OfQgb+414xZhKNf3jNvLFYKbbDSGBBrQh5yNwWZrdK0g0pokg==",
            "cpu": [
                "ppc64"
            ],
            "dev": true,
            "optional": true,
            "os": [
                "linux"
            ]
        },
        "node_modules/@rollup/rollup-linux-riscv64-gnu": {
            "version": "4.22.2",
            "resolved": "https://registry.npmjs.org/@rollup/rollup-linux-riscv64-gnu/-/rollup-linux-riscv64-gnu-4.22.2.tgz",
            "integrity": "sha512-/egzQzbOSRef2vYCINKITGrlwkzP7uXRnL+xU2j75kDVp3iPdcF0TIlfwTRF8woBZllhk3QaxNOEj2Ogh3t9hg==",
            "cpu": [
                "riscv64"
            ],
            "dev": true,
            "optional": true,
            "os": [
                "linux"
            ]
        },
        "node_modules/@rollup/rollup-linux-s390x-gnu": {
            "version": "4.22.2",
            "resolved": "https://registry.npmjs.org/@rollup/rollup-linux-s390x-gnu/-/rollup-linux-s390x-gnu-4.22.2.tgz",
            "integrity": "sha512-qgYbOEbrPfEkH/OnUJd1/q4s89FvNJQIUldx8X2F/UM5sEbtkqZpf2s0yly2jSCKr1zUUOY1hnTP2J1WOzMAdA==",
            "cpu": [
                "s390x"
            ],
            "dev": true,
            "optional": true,
            "os": [
                "linux"
            ]
        },
        "node_modules/@rollup/rollup-linux-x64-gnu": {
            "version": "4.22.2",
            "resolved": "https://registry.npmjs.org/@rollup/rollup-linux-x64-gnu/-/rollup-linux-x64-gnu-4.22.2.tgz",
            "integrity": "sha512-a0lkvNhFLhf+w7A95XeBqGQaG0KfS3hPFJnz1uraSdUe/XImkp/Psq0Ca0/UdD5IEAGoENVmnYrzSC9Y2a2uKQ==",
            "cpu": [
                "x64"
            ],
            "dev": true,
            "optional": true,
            "os": [
                "linux"
            ]
        },
        "node_modules/@rollup/rollup-linux-x64-musl": {
            "version": "4.22.2",
            "resolved": "https://registry.npmjs.org/@rollup/rollup-linux-x64-musl/-/rollup-linux-x64-musl-4.22.2.tgz",
            "integrity": "sha512-sSWBVZgzwtsuG9Dxi9kjYOUu/wKW+jrbzj4Cclabqnfkot8Z3VEHcIgyenA3lLn/Fu11uDviWjhctulkhEO60g==",
            "cpu": [
                "x64"
            ],
            "dev": true,
            "optional": true,
            "os": [
                "linux"
            ]
        },
        "node_modules/@rollup/rollup-win32-arm64-msvc": {
            "version": "4.22.2",
            "resolved": "https://registry.npmjs.org/@rollup/rollup-win32-arm64-msvc/-/rollup-win32-arm64-msvc-4.22.2.tgz",
            "integrity": "sha512-t/YgCbZ638R/r7IKb9yCM6nAek1RUvyNdfU0SHMDLOf6GFe/VG1wdiUAsxTWHKqjyzkRGg897ZfCpdo1bsCSsA==",
            "cpu": [
                "arm64"
            ],
            "dev": true,
            "optional": true,
            "os": [
                "win32"
            ]
        },
        "node_modules/@rollup/rollup-win32-ia32-msvc": {
            "version": "4.22.2",
            "resolved": "https://registry.npmjs.org/@rollup/rollup-win32-ia32-msvc/-/rollup-win32-ia32-msvc-4.22.2.tgz",
            "integrity": "sha512-kTmX5uGs3WYOA+gYDgI6ITkZng9SP71FEMoHNkn+cnmb9Zuyyay8pf0oO5twtTwSjNGy1jlaWooTIr+Dw4tIbw==",
            "cpu": [
                "ia32"
            ],
            "dev": true,
            "optional": true,
            "os": [
                "win32"
            ]
        },
        "node_modules/@rollup/rollup-win32-x64-msvc": {
            "version": "4.22.2",
            "resolved": "https://registry.npmjs.org/@rollup/rollup-win32-x64-msvc/-/rollup-win32-x64-msvc-4.22.2.tgz",
            "integrity": "sha512-Yy8So+SoRz8I3NS4Bjh91BICPOSVgdompTIPYTByUqU66AXSIOgmW3Lv1ke3NORPqxdF+RdrZET+8vYai6f4aA==",
            "cpu": [
                "x64"
            ],
            "dev": true,
            "optional": true,
            "os": [
                "win32"
            ]
        },
        "node_modules/@types/estree": {
            "version": "1.0.5",
            "resolved": "https://registry.npmjs.org/@types/estree/-/estree-1.0.5.tgz",
            "integrity": "sha512-/kYRxGDLWzHOB7q+wtSUQlFrtcdUccpfy+X+9iMBpHK8QLLhx2wIPYuS5DYtR9Wa/YlZAbIovy7qVdB1Aq6Lyw==",
            "dev": true
        },
        "node_modules/@types/node": {
            "version": "22.5.5",
            "resolved": "https://registry.npmjs.org/@types/node/-/node-22.5.5.tgz",
            "integrity": "sha512-Xjs4y5UPO/CLdzpgR6GirZJx36yScjh73+2NlLlkFRSoQN8B0DpfXPdZGnvVmLRLOsqDpOfTNv7D9trgGhmOIA==",
            "dev": true,
            "dependencies": {
                "undici-types": "~6.19.2"
            }
        },
        "node_modules/@types/resolve": {
            "version": "1.20.2",
            "resolved": "https://registry.npmjs.org/@types/resolve/-/resolve-1.20.2.tgz",
            "integrity": "sha512-60BCwRFOZCQhDncwQdxxeOEEkbc5dIMccYLwbxsS4TUNeVECQ/pBJ0j09mrHOl/JJvpRPGwO9SvE4nR2Nb/a4Q==",
            "dev": true
        },
        "node_modules/@types/trusted-types": {
            "version": "2.0.7",
            "resolved": "https://registry.npmjs.org/@types/trusted-types/-/trusted-types-2.0.7.tgz",
            "integrity": "sha512-ScaPdn1dQczgbl0QFTeTOmVHFULt394XJgOQNoyVhZ6r2vLnMLJfBPd53SB52T/3G36VI1/g2MZaX0cwDuXsfw=="
        },
        "node_modules/builtin-modules": {
            "version": "3.3.0",
            "resolved": "https://registry.npmjs.org/builtin-modules/-/builtin-modules-3.3.0.tgz",
            "integrity": "sha512-zhaCDicdLuWN5UbN5IMnFqNMhNfo919sH85y2/ea+5Yg9TsTkeZxpL+JLbp6cgYFS4sRLp3YV4S6yDuqVWHYOw==",
            "dev": true,
            "engines": {
                "node": ">=6"
            },
            "funding": {
                "url": "https://github.com/sponsors/sindresorhus"
            }
        },
        "node_modules/data-uri-to-buffer": {
            "version": "4.0.1",
            "resolved": "https://registry.npmjs.org/data-uri-to-buffer/-/data-uri-to-buffer-4.0.1.tgz",
            "integrity": "sha512-0R9ikRb668HB7QDxT1vkpuUBtqc53YyAwMwGeUFKRojY/NWKvdZ+9UYtRfGmhqNbRkTSVpMbmyhXipFFv2cb/A==",
            "engines": {
                "node": ">= 12"
            }
        },
        "node_modules/deepmerge": {
            "version": "4.3.1",
            "resolved": "https://registry.npmjs.org/deepmerge/-/deepmerge-4.3.1.tgz",
            "integrity": "sha512-3sUqbMEc77XqpdNO7FRyRog+eW3ph+GYCbj+rK+uYyRMuwsVy0rMiVtPn+QJlKFvWP/1PYpapqYn0Me2knFn+A==",
            "dev": true,
            "engines": {
                "node": ">=0.10.0"
            }
        },
        "node_modules/enhanced-resolve": {
            "version": "5.17.1",
            "resolved": "https://registry.npmjs.org/enhanced-resolve/-/enhanced-resolve-5.17.1.tgz",
            "integrity": "sha512-LMHl3dXhTcfv8gM4kEzIUeTQ+7fpdA0l2tUf34BddXPkz2A5xJ5L/Pchd5BL6rdccM9QGvu0sWZzK1Z1t4wwyg==",
            "dependencies": {
                "graceful-fs": "^4.2.4",
                "tapable": "^2.2.0"
            },
            "engines": {
                "node": ">=10.13.0"
            }
        },
        "node_modules/entities": {
            "version": "4.5.0",
            "resolved": "https://registry.npmjs.org/entities/-/entities-4.5.0.tgz",
            "integrity": "sha512-V0hjH4dGPh9Ao5p0MoRY6BVqtwCjhz6vI5LT8AJ55H+4g9/4vbHx1I54fS0XuclLhDHArPQCiMjDxjaL8fPxhw==",
            "engines": {
                "node": ">=0.12"
            },
            "funding": {
                "url": "https://github.com/fb55/entities?sponsor=1"
            }
        },
        "node_modules/estree-walker": {
            "version": "2.0.2",
            "resolved": "https://registry.npmjs.org/estree-walker/-/estree-walker-2.0.2.tgz",
            "integrity": "sha512-Rfkk/Mp/DL7JVje3u18FxFujQlTNR2q6QfMSMB7AvCBx91NGj/ba3kCfza0f6dVDbw7YlRf/nDrn7pQrCCyQ/w==",
            "dev": true
        },
        "node_modules/fetch-blob": {
            "version": "3.2.0",
            "resolved": "https://registry.npmjs.org/fetch-blob/-/fetch-blob-3.2.0.tgz",
            "integrity": "sha512-7yAQpD2UMJzLi1Dqv7qFYnPbaPx7ZfFK6PiIxQ4PfkGPyNyl2Ugx+a/umUonmKqjhM4DnfbMvdX6otXq83soQQ==",
            "funding": [
                {
                    "type": "github",
                    "url": "https://github.com/sponsors/jimmywarting"
                },
                {
                    "type": "paypal",
                    "url": "https://paypal.me/jimmywarting"
                }
            ],
            "dependencies": {
                "node-domexception": "^1.0.0",
                "web-streams-polyfill": "^3.0.3"
            },
            "engines": {
                "node": "^12.20 || >= 14.13"
            }
        },
        "node_modules/formdata-polyfill": {
            "version": "4.0.10",
            "resolved": "https://registry.npmjs.org/formdata-polyfill/-/formdata-polyfill-4.0.10.tgz",
            "integrity": "sha512-buewHzMvYL29jdeQTVILecSaZKnt/RJWjoZCF5OW60Z67/GmSLBkOFM7qh1PI3zFNtJbaZL5eQu1vLfazOwj4g==",
            "dependencies": {
                "fetch-blob": "^3.1.2"
            },
            "engines": {
                "node": ">=12.20.0"
            }
        },
        "node_modules/fsevents": {
            "version": "2.3.3",
            "resolved": "https://registry.npmjs.org/fsevents/-/fsevents-2.3.3.tgz",
            "integrity": "sha512-5xoDfX+fL7faATnagmWPpbFtwh/R77WmMMqqHGS65C3vvB0YHrgF+B1YmZ3441tMj5n63k0212XNoJwzlhffQw==",
            "dev": true,
            "hasInstallScript": true,
            "optional": true,
            "os": [
                "darwin"
            ],
            "engines": {
                "node": "^8.16.0 || ^10.6.0 || >=11.0.0"
            }
        },
        "node_modules/function-bind": {
            "version": "1.1.2",
            "resolved": "https://registry.npmjs.org/function-bind/-/function-bind-1.1.2.tgz",
            "integrity": "sha512-7XHNxH7qX9xG5mIwxkhumTox/MIRNcOgDrxWsMt2pAr23WHp6MrRlN7FBSFpCpr+oVO0F744iUgR82nJMfG2SA==",
            "dev": true,
            "funding": {
                "url": "https://github.com/sponsors/ljharb"
            }
        },
        "node_modules/graceful-fs": {
            "version": "4.2.11",
            "resolved": "https://registry.npmjs.org/graceful-fs/-/graceful-fs-4.2.11.tgz",
            "integrity": "sha512-RbJ5/jmFcNNCcDV5o9eTnBLJ/HszWV0P73bc+Ff4nS/rJj+YaS6IGyiOL0VoBYX+l1Wrl3k63h/KrH+nhJ0XvQ=="
        },
        "node_modules/hasown": {
            "version": "2.0.2",
            "resolved": "https://registry.npmjs.org/hasown/-/hasown-2.0.2.tgz",
            "integrity": "sha512-0hJU9SCPvmMzIBdZFqNPXWa6dqh7WdH0cII9y+CyS8rG3nL48Bclra9HmKhVVUHyPWNH5Y7xDwAB7bfgSjkUMQ==",
            "dev": true,
            "dependencies": {
                "function-bind": "^1.1.2"
            },
            "engines": {
                "node": ">= 0.4"
            }
        },
        "node_modules/is-builtin-module": {
            "version": "3.2.1",
            "resolved": "https://registry.npmjs.org/is-builtin-module/-/is-builtin-module-3.2.1.tgz",
            "integrity": "sha512-BSLE3HnV2syZ0FK0iMA/yUGplUeMmNz4AW5fnTunbCIqZi4vG3WjJT9FHMy5D69xmAYBHXQhJdALdpwVxV501A==",
            "dev": true,
            "dependencies": {
                "builtin-modules": "^3.3.0"
            },
            "engines": {
                "node": ">=6"
            },
            "funding": {
                "url": "https://github.com/sponsors/sindresorhus"
            }
        },
        "node_modules/is-core-module": {
            "version": "2.15.1",
            "resolved": "https://registry.npmjs.org/is-core-module/-/is-core-module-2.15.1.tgz",
            "integrity": "sha512-z0vtXSwucUJtANQWldhbtbt7BnL0vxiFjIdDLAatwhDYty2bad6s+rijD6Ri4YuYJubLzIJLUidCh09e1djEVQ==",
            "dev": true,
            "dependencies": {
                "hasown": "^2.0.2"
            },
            "engines": {
                "node": ">= 0.4"
            },
            "funding": {
                "url": "https://github.com/sponsors/ljharb"
            }
        },
        "node_modules/is-module": {
            "version": "1.0.0",
            "resolved": "https://registry.npmjs.org/is-module/-/is-module-1.0.0.tgz",
            "integrity": "sha512-51ypPSPCoTEIN9dy5Oy+h4pShgJmPCygKfyRCISBI+JoWT/2oJvK8QPxmwv7b/p239jXrm9M1mlQbyKJ5A152g==",
            "dev": true
        },
        "node_modules/lit": {
            "version": "3.2.0",
            "resolved": "https://registry.npmjs.org/lit/-/lit-3.2.0.tgz",
            "integrity": "sha512-s6tI33Lf6VpDu7u4YqsSX78D28bYQulM+VAzsGch4fx2H0eLZnJsUBsPWmGYSGoKDNbjtRv02rio1o+UdPVwvw==",
            "dependencies": {
                "@lit/reactive-element": "^2.0.4",
                "lit-element": "^4.1.0",
                "lit-html": "^3.2.0"
            }
        },
        "node_modules/lit-element": {
            "version": "4.1.0",
            "resolved": "https://registry.npmjs.org/lit-element/-/lit-element-4.1.0.tgz",
            "integrity": "sha512-gSejRUQJuMQjV2Z59KAS/D4iElUhwKpIyJvZ9w+DIagIQjfJnhR20h2Q5ddpzXGS+fF0tMZ/xEYGMnKmaI/iww==",
            "dependencies": {
                "@lit-labs/ssr-dom-shim": "^1.2.0",
                "@lit/reactive-element": "^2.0.4",
                "lit-html": "^3.2.0"
            }
        },
        "node_modules/lit-html": {
            "version": "3.2.0",
            "resolved": "https://registry.npmjs.org/lit-html/-/lit-html-3.2.0.tgz",
            "integrity": "sha512-pwT/HwoxqI9FggTrYVarkBKFN9MlTUpLrDHubTmW4SrkL3kkqW5gxwbxMMUnbbRHBC0WTZnYHcjDSCM559VyfA==",
            "dependencies": {
                "@types/trusted-types": "^2.0.2"
            }
        },
        "node_modules/node-domexception": {
            "version": "1.0.0",
            "resolved": "https://registry.npmjs.org/node-domexception/-/node-domexception-1.0.0.tgz",
            "integrity": "sha512-/jKZoMpw0F8GRwl4/eLROPA3cfcXtLApP0QzLmUT/HuPCZWyB7IY9ZrMeKw2O/nFIqPQB3PVM9aYm0F312AXDQ==",
            "funding": [
                {
                    "type": "github",
                    "url": "https://github.com/sponsors/jimmywarting"
                },
                {
                    "type": "github",
                    "url": "https://paypal.me/jimmywarting"
                }
            ],
            "engines": {
                "node": ">=10.5.0"
            }
        },
        "node_modules/node-fetch": {
            "version": "3.3.2",
            "resolved": "https://registry.npmjs.org/node-fetch/-/node-fetch-3.3.2.tgz",
            "integrity": "sha512-dRB78srN/l6gqWulah9SrxeYnxeddIG30+GOqK/9OlLVyLg3HPnr6SqOWTWOXKRwC2eGYCkZ59NNuSgvSrpgOA==",
            "dependencies": {
                "data-uri-to-buffer": "^4.0.0",
                "fetch-blob": "^3.1.4",
                "formdata-polyfill": "^4.0.10"
            },
            "engines": {
                "node": "^12.20.0 || ^14.13.1 || >=16.0.0"
            },
            "funding": {
                "type": "opencollective",
                "url": "https://opencollective.com/node-fetch"
            }
        },
        "node_modules/parse5": {
            "version": "7.1.2",
            "resolved": "https://registry.npmjs.org/parse5/-/parse5-7.1.2.tgz",
            "integrity": "sha512-Czj1WaSVpaoj0wbhMzLmWD69anp2WH7FXMB9n1Sy8/ZFF9jolSQVMu1Ij5WIyGmcBmhk7EOndpO4mIpihVqAXw==",
            "dependencies": {
                "entities": "^4.4.0"
            },
            "funding": {
                "url": "https://github.com/inikulin/parse5?sponsor=1"
            }
        },
        "node_modules/path-parse": {
            "version": "1.0.7",
            "resolved": "https://registry.npmjs.org/path-parse/-/path-parse-1.0.7.tgz",
            "integrity": "sha512-LDJzPVEEEPR+y48z93A0Ed0yXb8pAByGWo/k5YYdYgpY2/2EsOsksJrq7lOHxryrVOn1ejG6oAp8ahvOIQD8sw==",
            "dev": true
        },
        "node_modules/picomatch": {
            "version": "2.3.1",
            "resolved": "https://registry.npmjs.org/picomatch/-/picomatch-2.3.1.tgz",
            "integrity": "sha512-JU3teHTNjmE2VCGFzuY8EXzCDVwEqB2a8fsIvwaStHhAWJEeVd1o1QD80CU6+ZdEXXSLbSsuLwJjkCBWqRQUVA==",
            "dev": true,
            "engines": {
                "node": ">=8.6"
            },
            "funding": {
                "url": "https://github.com/sponsors/jonschlinkert"
            }
        },
        "node_modules/resolve": {
            "version": "1.22.8",
            "resolved": "https://registry.npmjs.org/resolve/-/resolve-1.22.8.tgz",
            "integrity": "sha512-oKWePCxqpd6FlLvGV1VU0x7bkPmmCNolxzjMf4NczoDnQcIWrAF+cPtZn5i6n+RfD2d9i0tzpKnG6Yk168yIyw==",
            "dev": true,
            "dependencies": {
                "is-core-module": "^2.13.0",
                "path-parse": "^1.0.7",
                "supports-preserve-symlinks-flag": "^1.0.0"
            },
            "bin": {
                "resolve": "bin/resolve"
            },
            "funding": {
                "url": "https://github.com/sponsors/ljharb"
            }
        },
        "node_modules/rollup": {
            "version": "4.22.2",
            "resolved": "https://registry.npmjs.org/rollup/-/rollup-4.22.2.tgz",
            "integrity": "sha512-JWWpTrZmqQGQWt16xvNn6KVIUz16VtZwl984TKw0dfqqRpFwtLJYYk1/4BTgplndMQKWUk/yB4uOShYmMzA2Vg==",
            "dev": true,
            "dependencies": {
                "@types/estree": "1.0.5"
            },
            "bin": {
                "rollup": "dist/bin/rollup"
            },
            "engines": {
                "node": ">=18.0.0",
                "npm": ">=8.0.0"
            },
            "optionalDependencies": {
                "@rollup/rollup-android-arm-eabi": "4.22.2",
                "@rollup/rollup-android-arm64": "4.22.2",
                "@rollup/rollup-darwin-arm64": "4.22.2",
                "@rollup/rollup-darwin-x64": "4.22.2",
                "@rollup/rollup-linux-arm-gnueabihf": "4.22.2",
                "@rollup/rollup-linux-arm-musleabihf": "4.22.2",
                "@rollup/rollup-linux-arm64-gnu": "4.22.2",
                "@rollup/rollup-linux-arm64-musl": "4.22.2",
                "@rollup/rollup-linux-powerpc64le-gnu": "4.22.2",
                "@rollup/rollup-linux-riscv64-gnu": "4.22.2",
                "@rollup/rollup-linux-s390x-gnu": "4.22.2",
                "@rollup/rollup-linux-x64-gnu": "4.22.2",
                "@rollup/rollup-linux-x64-musl": "4.22.2",
                "@rollup/rollup-win32-arm64-msvc": "4.22.2",
                "@rollup/rollup-win32-ia32-msvc": "4.22.2",
                "@rollup/rollup-win32-x64-msvc": "4.22.2",
                "fsevents": "~2.3.2"
            }
        },
        "node_modules/supports-preserve-symlinks-flag": {
            "version": "1.0.0",
            "resolved": "https://registry.npmjs.org/supports-preserve-symlinks-flag/-/supports-preserve-symlinks-flag-1.0.0.tgz",
            "integrity": "sha512-ot0WnXS9fgdkgIcePe6RHNk1WA8+muPa6cSjeR3V8K27q9BB1rTE3R1p7Hv0z1ZyAc8s6Vvv8DIyWf681MAt0w==",
            "dev": true,
            "engines": {
                "node": ">= 0.4"
            },
            "funding": {
                "url": "https://github.com/sponsors/ljharb"
            }
        },
        "node_modules/tapable": {
            "version": "2.2.1",
            "resolved": "https://registry.npmjs.org/tapable/-/tapable-2.2.1.tgz",
            "integrity": "sha512-GNzQvQTOIP6RyTfE2Qxb8ZVlNmw0n88vp1szwWRimP02mnTsx3Wtn5qRdqY9w2XduFNUgvOwhNnQsjwCp+kqaQ==",
            "engines": {
                "node": ">=6"
            }
        },
        "node_modules/undici-types": {
            "version": "6.19.8",
            "resolved": "https://registry.npmjs.org/undici-types/-/undici-types-6.19.8.tgz",
            "integrity": "sha512-ve2KP6f/JnbPBFyobGHuerC9g1FYGn/F8n1LWTwNxCEzd6IfqTwUQcNXgEtmmQ6DlRrC1hrSrBnCZPokRrDHjw==",
            "dev": true
        },
        "node_modules/web-streams-polyfill": {
            "version": "3.3.3",
            "resolved": "https://registry.npmjs.org/web-streams-polyfill/-/web-streams-polyfill-3.3.3.tgz",
            "integrity": "sha512-d2JWLCivmZYTSIoge9MsgFCZrt571BikcWGYkjC1khllbTeDlGqZ2D8vD8E/lJa8WGWbb7Plm8/XJYV7IJHZZw==",
            "engines": {
                "node": ">= 8"
            }
        }
    }
}
